
Microsoft Visual Studio Solution File, Format Version 12.00
# Visual Studio Version 16
VisualStudioVersion = 16.6.30114.105
MinimumVisualStudioVersion = 10.0.40219.1
Project("{2150E333-8FDC-42A3-9474-1A3956D46DE8}") = "src", "src", "{337C2FC4-3D1C-482B-A9A8-1E31B102411C}"
EndProject
Project("{FAE04EC0-301F-11D3-BF4B-00C04F79EFBC}") = "Finance.Domain", "src\Finance.Domain\Finance.Domain.csproj", "{E6B1A60A-8F80-4550-9683-A62D5CBA6AA7}"
EndProject
Project("{FAE04EC0-301F-11D3-BF4B-00C04F79EFBC}") = "Finance.Application", "src\Finance.Application\Finance.Application.csproj", "{412BC0F2-A8C1-4BB7-A05D-BB3E1B276929}"
EndProject
Project("{FAE04EC0-301F-11D3-BF4B-00C04F79EFBC}") = "Finance.Infra", "src\Finance.Infra\Finance.Infra.csproj", "{131A023D-8468-4C2C-A6B7-DABA7725E0B1}"
EndProject
Project("{FAE04EC0-301F-11D3-BF4B-00C04F79EFBC}") = "Finance.Web", "src\Finance.Web\Finance.Web.csproj", "{5F996105-64C0-43BA-AF1F-A1FF38183EC1}"
EndProject
Global
	GlobalSection(SolutionConfigurationPlatforms) = preSolution
		Debug|Any CPU = Debug|Any CPU
		Debug|x64 = Debug|x64
		Debug|x86 = Debug|x86
		Release|Any CPU = Release|Any CPU
		Release|x64 = Release|x64
		Release|x86 = Release|x86
	EndGlobalSection
	GlobalSection(SolutionProperties) = preSolution
		HideSolutionNode = FALSE
	EndGlobalSection
	GlobalSection(ProjectConfigurationPlatforms) = postSolution
		{E6B1A60A-8F80-4550-9683-A62D5CBA6AA7}.Debug|Any CPU.ActiveCfg = Debug|Any CPU
		{E6B1A60A-8F80-4550-9683-A62D5CBA6AA7}.Debug|Any CPU.Build.0 = Debug|Any CPU
		{E6B1A60A-8F80-4550-9683-A62D5CBA6AA7}.Debug|x64.ActiveCfg = Debug|Any CPU
		{E6B1A60A-8F80-4550-9683-A62D5CBA6AA7}.Debug|x64.Build.0 = Debug|Any CPU
		{E6B1A60A-8F80-4550-9683-A62D5CBA6AA7}.Debug|x86.ActiveCfg = Debug|Any CPU
		{E6B1A60A-8F80-4550-9683-A62D5CBA6AA7}.Debug|x86.Build.0 = Debug|Any CPU
		{E6B1A60A-8F80-4550-9683-A62D5CBA6AA7}.Release|Any CPU.ActiveCfg = Release|Any CPU
		{E6B1A60A-8F80-4550-9683-A62D5CBA6AA7}.Release|Any CPU.Build.0 = Release|Any CPU
		{E6B1A60A-8F80-4550-9683-A62D5CBA6AA7}.Release|x64.ActiveCfg = Release|Any CPU
		{E6B1A60A-8F80-4550-9683-A62D5CBA6AA7}.Release|x64.Build.0 = Release|Any CPU
		{E6B1A60A-8F80-4550-9683-A62D5CBA6AA7}.Release|x86.ActiveCfg = Release|Any CPU
		{E6B1A60A-8F80-4550-9683-A62D5CBA6AA7}.Release|x86.Build.0 = Release|Any CPU
		{412BC0F2-A8C1-4BB7-A05D-BB3E1B276929}.Debug|Any CPU.ActiveCfg = Debug|Any CPU
		{412BC0F2-A8C1-4BB7-A05D-BB3E1B276929}.Debug|Any CPU.Build.0 = Debug|Any CPU
		{412BC0F2-A8C1-4BB7-A05D-BB3E1B276929}.Debug|x64.ActiveCfg = Debug|Any CPU
		{412BC0F2-A8C1-4BB7-A05D-BB3E1B276929}.Debug|x64.Build.0 = Debug|Any CPU
		{412BC0F2-A8C1-4BB7-A05D-BB3E1B276929}.Debug|x86.ActiveCfg = Debug|Any CPU
		{412BC0F2-A8C1-4BB7-A05D-BB3E1B276929}.Debug|x86.Build.0 = Debug|Any CPU
		{412BC0F2-A8C1-4BB7-A05D-BB3E1B276929}.Release|Any CPU.ActiveCfg = Release|Any CPU
		{412BC0F2-A8C1-4BB7-A05D-BB3E1B276929}.Release|Any CPU.Build.0 = Release|Any CPU
		{412BC0F2-A8C1-4BB7-A05D-BB3E1B276929}.Release|x64.ActiveCfg = Release|Any CPU
		{412BC0F2-A8C1-4BB7-A05D-BB3E1B276929}.Release|x64.Build.0 = Release|Any CPU
		{412BC0F2-A8C1-4BB7-A05D-BB3E1B276929}.Release|x86.ActiveCfg = Release|Any CPU
		{412BC0F2-A8C1-4BB7-A05D-BB3E1B276929}.Release|x86.Build.0 = Release|Any CPU
		{131A023D-8468-4C2C-A6B7-DABA7725E0B1}.Debug|Any CPU.ActiveCfg = Debug|Any CPU
		{131A023D-8468-4C2C-A6B7-DABA7725E0B1}.Debug|Any CPU.Build.0 = Debug|Any CPU
		{131A023D-8468-4C2C-A6B7-DABA7725E0B1}.Debug|x64.ActiveCfg = Debug|Any CPU
		{131A023D-8468-4C2C-A6B7-DABA7725E0B1}.Debug|x64.Build.0 = Debug|Any CPU
		{131A023D-8468-4C2C-A6B7-DABA7725E0B1}.Debug|x86.ActiveCfg = Debug|Any CPU
		{131A023D-8468-4C2C-A6B7-DABA7725E0B1}.Debug|x86.Build.0 = Debug|Any CPU
		{131A023D-8468-4C2C-A6B7-DABA7725E0B1}.Release|Any CPU.ActiveCfg = Release|Any CPU
		{131A023D-8468-4C2C-A6B7-DABA7725E0B1}.Release|Any CPU.Build.0 = Release|Any CPU
		{131A023D-8468-4C2C-A6B7-DABA7725E0B1}.Release|x64.ActiveCfg = Release|Any CPU
		{131A023D-8468-4C2C-A6B7-DABA7725E0B1}.Release|x64.Build.0 = Release|Any CPU
		{131A023D-8468-4C2C-A6B7-DABA7725E0B1}.Release|x86.ActiveCfg = Release|Any CPU
		{131A023D-8468-4C2C-A6B7-DABA7725E0B1}.Release|x86.Build.0 = Release|Any CPU
		{5F996105-64C0-43BA-AF1F-A1FF38183EC1}.Debug|Any CPU.ActiveCfg = Debug|Any CPU
		{5F996105-64C0-43BA-AF1F-A1FF38183EC1}.Debug|Any CPU.Build.0 = Debug|Any CPU
		{5F996105-64C0-43BA-AF1F-A1FF38183EC1}.Debug|x64.ActiveCfg = Debug|Any CPU
		{5F996105-64C0-43BA-AF1F-A1FF38183EC1}.Debug|x64.Build.0 = Debug|Any CPU
		{5F996105-64C0-43BA-AF1F-A1FF38183EC1}.Debug|x86.ActiveCfg = Debug|Any CPU
		{5F996105-64C0-43BA-AF1F-A1FF38183EC1}.Debug|x86.Build.0 = Debug|Any CPU
		{5F996105-64C0-43BA-AF1F-A1FF38183EC1}.Release|Any CPU.ActiveCfg = Release|Any CPU
		{5F996105-64C0-43BA-AF1F-A1FF38183EC1}.Release|Any CPU.Build.0 = Release|Any CPU
		{5F996105-64C0-43BA-AF1F-A1FF38183EC1}.Release|x64.ActiveCfg = Release|Any CPU
		{5F996105-64C0-43BA-AF1F-A1FF38183EC1}.Release|x64.Build.0 = Release|Any CPU
		{5F996105-64C0-43BA-AF1F-A1FF38183EC1}.Release|x86.ActiveCfg = Release|Any CPU
		{5F996105-64C0-43BA-AF1F-A1FF38183EC1}.Release|x86.Build.0 = Release|Any CPU
	EndGlobalSection
	GlobalSection(NestedProjects) = preSolution
		{E6B1A60A-8F80-4550-9683-A62D5CBA6AA7} = {337C2FC4-3D1C-482B-A9A8-1E31B102411C}
		{412BC0F2-A8C1-4BB7-A05D-BB3E1B276929} = {337C2FC4-3D1C-482B-A9A8-1E31B102411C}
		{131A023D-8468-4C2C-A6B7-DABA7725E0B1} = {337C2FC4-3D1C-482B-A9A8-1E31B102411C}
		{5F996105-64C0-43BA-AF1F-A1FF38183EC1} = {337C2FC4-3D1C-482B-A9A8-1E31B102411C}
	EndGlobalSection
EndGlobal
